
Microsoft Visual Studio Solution File, Format Version 12.00
# Visual Studio Version 16
VisualStudioVersion = 16.0.30804.86
MinimumVisualStudioVersion = 10.0.40219.1
Project("{FAE04EC0-301F-11D3-BF4B-00C04F79EFBC}") = "dropbox14", "dropbox14.csproj", "{D0FDE717-C252-4EED-AB60-66A11983FEA8}"
EndProject
Global
	GlobalSection(SolutionConfigurationPlatforms) = preSolution
		Debug|Any CPU = Debug|Any CPU
		Release|Any CPU = Release|Any CPU
	EndGlobalSection
	GlobalSection(ProjectConfigurationPlatforms) = postSolution
		{D0FDE717-C252-4EED-AB60-66A11983FEA8}.Debug|Any CPU.ActiveCfg = Debug|Any CPU
		{D0FDE717-C252-4EED-AB60-66A11983FEA8}.Debug|Any CPU.Build.0 = Debug|Any CPU
		{D0FDE717-C252-4EED-AB60-66A11983FEA8}.Release|Any CPU.ActiveCfg = Release|Any CPU
		{D0FDE717-C252-4EED-AB60-66A11983FEA8}.Release|Any CPU.Build.0 = Release|Any CPU
	EndGlobalSection
	GlobalSection(SolutionProperties) = preSolution
		HideSolutionNode = FALSE
	EndGlobalSection
	GlobalSection(ExtensibilityGlobals) = postSolution
		SolutionGuid = {0C702BEE-4237-4C59-AE27-425B41F89D54}
	EndGlobalSection
EndGlobal
